lockVersion: 2.0.0
id: 61a3388c-d204-4ffa-aaef-30f3f6294366
management:
  docChecksum: 2516596125ef223fbbef6c434d22eaac
  docVersion: 1.0.0
  speakeasyVersion: internal
  generationVersion: 2.225.2
  releaseVersion: 0.2.2
  configChecksum: 76babe04cae153e952f6385672545cdb
  repoURL: https://github.com/speakeasy-sdks/willow-powell-sample-sdk.git
  repoSubDirectory: .
  installationURL: https://github.com/speakeasy-sdks/willow-powell-sample-sdk
features:
  typescript:
    core: 3.4.1
    flattening: 2.81.1
    globalServerURLs: 2.82.1
generatedFiles:
  - src/sdk/pets.ts
  - src/sdk/sdk.ts
  - .eslintrc.yml
  - jest.config.js
  - package-lock.json
  - package.json
  - src/index.ts
  - src/internal/utils/contenttype.ts
  - src/internal/utils/headers.ts
  - src/internal/utils/index.ts
  - src/internal/utils/pathparams.ts
  - src/internal/utils/queryparams.ts
  - src/internal/utils/requestbody.ts
  - src/internal/utils/retries.ts
  - src/internal/utils/security.ts
  - src/internal/utils/utils.ts
  - src/sdk/index.ts
  - src/models/errors/sdkerror.ts
  - src/types/index.ts
  - src/types/rfcdate.ts
  - tsconfig.json
  - src/models/operations/createpets.ts
  - src/models/operations/listpets.ts
  - src/models/operations/showpetbyid.ts
  - src/models/components/error.ts
  - src/models/components/pet.ts
  - src/models/errors/index.ts
  - src/models/operations/index.ts
  - src/models/components/index.ts
  - docs/models/operations/createpetsresponse.md
  - docs/models/operations/listpetsrequest.md
  - docs/models/operations/listpetsresponse.md
  - docs/models/operations/showpetbyidrequest.md
  - docs/models/operations/showpetbyidresponse.md
  - docs/models/components/errort.md
  - docs/models/components/pet.md
  - docs/sdks/swaggerpetstore/README.md
  - docs/sdks/pets/README.md
  - USAGE.md
  - .gitattributes
